// !$*UTF8*$!
{
	archiveVersion = 1;
	classes = {
	};
	objectVersion = 50;
	objects = {

/* Begin PBXBuildFile section */
		3D50F90E22F7DA4D00A76FAD /* AppDelegate.swift in Sources */ = {isa = PBXBuildFile; fileRef = 3D50F90D22F7DA4D00A76FAD /* AppDelegate.swift */; };
		3D50F91022F7DA4D00A76FAD /* ViewController.swift in Sources */ = {isa = PBXBuildFile; fileRef = 3D50F90F22F7DA4D00A76FAD /* ViewController.swift */; };
		3D50F91322F7DA4E00A76FAD /* Main.storyboard in Resources */ = {isa = PBXBuildFile; fileRef = 3D50F91122F7DA4E00A76FAD /* Main.storyboard */; };
		3D50F91522F7DA4F00A76FAD /* Assets.xcassets in Resources */ = {isa = PBXBuildFile; fileRef = 3D50F91422F7DA4F00A76FAD /* Assets.xcassets */; };
		3D50F91822F7DA4F00A76FAD /* LaunchScreen.storyboard in Resources */ = {isa = PBXBuildFile; fileRef = 3D50F91622F7DA4F00A76FAD /* LaunchScreen.storyboard */; };
		3D50F92222F7DFE200A76FAD /* DrawRectangleView.swift in Sources */ = {isa = PBXBuildFile; fileRef = 3D50F92122F7DFE200A76FAD /* DrawRectangleView.swift */; };
		3D50F92422F7E07400A76FAD /* Nuko.jpg in Resources */ = {isa = PBXBuildFile; fileRef = 3D50F92322F7E07400A76FAD /* Nuko.jpg */; };
/* End PBXBuildFile section */

/* Begin PBXFileReference section */
		3D50F90A22F7DA4D00A76FAD /* HeatmapSample.app */ = {isa = PBXFileReference; explicitFileType = wrapper.application; includeInIndex = 0; path = HeatmapSample.app; sourceTree = BUILT_PRODUCTS_DIR; };
		3D50F90D22F7DA4D00A76FAD /* AppDelegate.swift */ = {isa = PBXFileReference; lastKnownFileType = sourcecode.swift; path = AppDelegate.swift; sourceTree = "<group>"; };
		3D50F90F22F7DA4D00A76FAD /* ViewController.swift */ = {isa = PBXFileReference; lastKnownFileType = sourcecode.swift; path = ViewController.swift; sourceTree = "<group>"; };
		3D50F91222F7DA4E00A76FAD /* Base */ = {isa = PBXFileReference; lastKnownFileType = file.storyboard; name = Base; path = Base.lproj/Main.storyboard; sourceTree = "<group>"; };
		3D50F91422F7DA4F00A76FAD /* Assets.xcassets */ = {isa = PBXFileReference; lastKnownFileType = folder.assetcatalog; path = Assets.xcassets; sourceTree = "<group>"; };
		3D50F91722F7DA4F00A76FAD /* Base */ = {isa = PBXFileReference; lastKnownFileType = file.storyboard; name = Base; path = Base.lproj/LaunchScreen.storyboard; sourceTree = "<group>"; };
		3D50F91922F7DA4F00A76FAD /* Info.plist */ = {isa = PBXFileReference; lastKnownFileType = text.plist.xml; path = Info.plist; sourceTree = "<group>"; };
		3D50F92122F7DFE200A76FAD /* DrawRectangleView.swift */ = {isa = PBXFileReference; lastKnownFileType = sourcecode.swift; path = DrawRectangleView.swift; sourceTree = "<group>"; };
		3D50F92322F7E07400A76FAD /* Nuko.jpg */ = {isa = PBXFileReference; lastKnownFileType = image.jpeg; path = Nuko.jpg; sourceTree = "<group>"; };
/* End PBXFileReference section */

/* Begin PBXFrameworksBuildPhase section */
		3D50F90722F7DA4D00A76FAD /* Frameworks */ = {
			isa = PBXFrameworksBuildPhase;
			buildActionMask = 2147483647;
			files = (
			);
			runOnlyForDeploymentPostprocessing = 0;
		};
/* End PBXFrameworksBuildPhase section */

/* Begin PBXGroup section */
		3D50F90122F7DA4D00A76FAD = {
			isa = PBXGroup;
			children = (
				3D50F90C22F7DA4D00A76FAD /* HeatmapSample */,
				3D50F90B22F7DA4D00A76FAD /* Products */,
			);
			sourceTree = "<group>";
		};
		3D50F90B22F7DA4D00A76FAD /* Products */ = {
			isa = PBXGroup;
			children = (
				3D50F90A22F7DA4D00A76FAD /* HeatmapSample.app */,
			);
			name = Products;
			sourceTree = "<group>";
		};
		3D50F90C22F7DA4D00A76FAD /* HeatmapSample */ = {
			isa = PBXGroup;
			children = (
				3D50F90D22F7DA4D00A76FAD /* AppDelegate.swift */,
				3D50F90F22F7DA4D00A76FAD /* ViewController.swift */,
				3D50F91122F7DA4E00A76FAD /* Main.storyboard */,
				3D50F91422F7DA4F00A76FAD /* Assets.xcassets */,
				3D50F91622F7DA4F00A76FAD /* LaunchScreen.storyboard */,
				3D50F91922F7DA4F00A76FAD /* Info.plist */,
				3D50F92122F7DFE200A76FAD /* DrawRectangleView.swift */,
				3D50F92322F7E07400A76FAD /* Nuko.jpg */,
			);
			path = HeatmapSample;
			sourceTree = "<group>";
		};
/* End PBXGroup section */

/* Begin PBXNativeTarget section */
		3D50F90922F7DA4D00A76FAD /* HeatmapSample */ = {
			isa = PBXNativeTarget;
			buildConfigurationList = 3D50F91C22F7DA4F00A76FAD /* Build configuration list for PBXNativeTarget "HeatmapSample" */;
			buildPhases = (
				3D50F90622F7DA4D00A76FAD /* Sources */,
				3D50F90722F7DA4D00A76FAD /* Frameworks */,
				3D50F90822F7DA4D00A76FAD /* Resources */,
			);
			buildRules = (
			);
			dependencies = (
			);
			name = HeatmapSample;
			productName = HeatmapSample;
			productReference = 3D50F90A22F7DA4D00A76FAD /* HeatmapSample.app */;
			productType = "com.apple.product-type.application";
		};
/* End PBXNativeTarget section */

/* Begin PBXProject section */
		3D50F90222F7DA4D00A76FAD /* Project object */ = {
			isa = PBXProject;
			attributes = {
				LastSwiftUpdateCheck = 1030;
				LastUpgradeCheck = 1030;
				ORGANIZATIONNAME = Rirex;
				TargetAttributes = {
					3D50F90922F7DA4D00A76FAD = {
						CreatedOnToolsVersion = 10.3;
					};
				};
			};
			buildConfigurationList = 3D50F90522F7DA4D00A76FAD /* Build configuration list for PBXProject "HeatmapSample" */;
			compatibilityVersion = "Xcode 9.3";
			developmentRegion = en;
			hasScannedForEncodings = 0;
			knownRegions = (
				en,
				Base,
			);
			mainGroup = 3D50F90122F7DA4D00A76FAD;
			productRefGroup = 3D50F90B22F7DA4D00A76FAD /* Products */;
			projectDirPath = "";
			projectRoot = "";
			targets = (
				3D50F90922F7DA4D00A76FAD /* HeatmapSample */,
			);
		};
/* End PBXProject section */

/* Begin PBXResourcesBuildPhase section */
		3D50F90822F7DA4D00A76FAD /* Resources */ = {
			isa = PBXResourcesBuildPhase;
			buildActionMask = 2147483647;
			files = (
				3D50F92422F7E07400A76FAD /* Nuko.jpg in Resources */,
				3D50F91822F7DA4F00A76FAD /* LaunchScreen.storyboard in Resources */,
				3D50F91522F7DA4F00A76FAD /* Assets.xcassets in Resources */,
				3D50F91322F7DA4E00A76FAD /* Main.storyboard in Resources */,
			);
			runOnlyForDeploymentPostprocessing = 0;
		};
/* End PBXResourcesBuildPhase section */

/* Begin PBXSourcesBuildPhase section */
		3D50F90622F7DA4D00A76FAD /* Sources */ = {
			isa = PBXSourcesBuildPhase;
			buildActionMask = 2147483647;
			files = (
				3D50F92222F7DFE200A76FAD /* DrawRectangleView.swift in Sources */,
				3D50F91022F7DA4D00A76FAD /* ViewController.swift in Sources */,
				3D50F90E22F7DA4D00A76FAD /* AppDelegate.swift in Sources */,
			);
			runOnlyForDeploymentPostprocessing = 0;
		};
/* End PBXSourcesBuildPhase section */

/* Begin PBXVariantGroup section */
		3D50F91122F7DA4E00A76FAD /* Main.storyboard */ = {
			isa = PBXVariantGroup;
			children = (
				3D50F91222F7DA4E00A76FAD /* Base */,
			);
			name = Main.storyboard;
			sourceTree = "<group>";
		};
		3D50F91622F7DA4F00A76FAD /* LaunchScreen.storyboard */ = {
			isa = PBXVariantGroup;
			children = (
				3D50F91722F7DA4F00A76FAD /* Base */,
			);
			name = LaunchScreen.storyboard;
			sourceTree = "<group>";
		};
/* End PBXVariantGroup section */

/* Begin XCBuildConfiguration section */
		3D50F91A22F7DA4F00A76FAD /* Debug */ = {
			isa = XCBuildConfiguration;
			buildSettings = {
				ALWAYS_SEARCH_USER_PATHS = NO;
				CLANG_ANALYZER_NONNULL = YES;
				CLANG_ANALYZER_NUMBER_OBJECT_CONVERSION = YES_AGGRESSIVE;
				CLANG_CXX_LANGUAGE_STANDARD = "gnu++14";
				CLANG_CXX_LIBRARY = "libc++";
				CLANG_ENABLE_MODULES = YES;
				CLANG_ENABLE_OBJC_ARC = YES;
				CLANG_ENABLE_OBJC_WEAK = YES;
				CLANG_WARN_BLOCK_CAPTURE_AUTORELEASING = YES;
				CLANG_WARN_BOOL_CONVERSION = YES;
				CLANG_WARN_COMMA = YES;
				CLANG_WARN_CONSTANT_CONVERSION = YES;
				CLANG_WARN_DEPRECATED_OBJC_IMPLEMENTATIONS = YES;
				CLANG_WARN_DIRECT_OBJC_ISA_USAGE = YES_ERROR;
				CLANG_WARN_DOCUMENTATION_COMMENTS = YES;
				CLANG_WARN_EMPTY_BODY = YES;
				CLANG_WARN_ENUM_CONVERSION = YES;
				CLANG_WARN_INFINITE_RECURSION = YES;
				CLANG_WARN_INT_CONVERSION = YES;
				CLANG_WARN_NON_LITERAL_NULL_CONVERSION = YES;
				CLANG_WARN_OBJC_IMPLICIT_RETAIN_SELF = YES;
				CLANG_WARN_OBJC_LITERAL_CONVERSION = YES;
				CLANG_WARN_OBJC_ROOT_CLASS = YES_ERROR;
				CLANG_WARN_RANGE_LOOP_ANALYSIS = YES;
				CLANG_WARN_STRICT_PROTOTYPES = YES;
				CLANG_WARN_SUSPICIOUS_MOVE = YES;
				CLANG_WARN_UNGUARDED_AVAILABILITY = YES_AGGRESSIVE;
				CLANG_WARN_UNREACHABLE_CODE = YES;
				CLANG_WARN__DUPLICATE_METHOD_MATCH = YES;
				CODE_SIGN_IDENTITY = "iPhone Developer";
				COPY_PHASE_STRIP = NO;
				DEBUG_INFORMATION_FORMAT = dwarf;
				ENABLE_STRICT_OBJC_MSGSEND = YES;
				ENABLE_TESTABILITY = YES;
				GCC_C_LANGUAGE_STANDARD = gnu11;
				GCC_DYNAMIC_NO_PIC = NO;
				GCC_NO_COMMON_BLOCKS = YES;
				GCC_OPTIMIZATION_LEVEL = 0;
				GCC_PREPROCESSOR_DEFINITIONS = (
					"DEBUG=1",
					"$(inherited)",
				);
				GCC_WARN_64_TO_32_BIT_CONVERSION = YES;
				GCC_WARN_ABOUT_RETURN_TYPE = YES_ERROR;
				GCC_WARN_UNDECLARED_SELECTOR = YES;
				GCC_WARN_UNINITIALIZED_AUTOS = YES_AGGRESSIVE;
				GCC_WARN_UNUSED_FUNCTION = YES;
				GCC_WARN_UNUSED_VARIABLE = YES;
				IPHONEOS_DEPLOYMENT_TARGET = 12.4;
				MTL_ENABLE_DEBUG_INFO = INCLUDE_SOURCE;
				MTL_FAST_MATH = YES;
				ONLY_ACTIVE_ARCH = YES;
				SDKROOT = iphoneos;
				SWIFT_ACTIVE_COMPILATION_CONDITIONS = DEBUG;
				SWIFT_OPTIMIZATION_LEVEL = "-Onone";
			};
			name = Debug;
		};
		3D50F91B22F7DA4F00A76FAD /* Release */ = {
			isa = XCBuildConfiguration;
			buildSettings = {
				ALWAYS_SEARCH_USER_PATHS = NO;
				CLANG_ANALYZER_NONNULL = YES;
				CLANG_ANALYZER_NUMBER_OBJECT_CONVERSION = YES_AGGRESSIVE;
				CLANG_CXX_LANGUAGE_STANDARD = "gnu++14";
				CLANG_CXX_LIBRARY = "libc++";
				CLANG_ENABLE_MODULES = YES;
				CLANG_ENABLE_OBJC_ARC = YES;
				CLANG_ENABLE_OBJC_WEAK = YES;
				CLANG_WARN_BLOCK_CAPTURE_AUTORELEASING = YES;
				CLANG_WARN_BOOL_CONVERSION = YES;
				CLANG_WARN_COMMA = YES;
				CLANG_WARN_CONSTANT_CONVERSION = YES;
				CLANG_WARN_DEPRECATED_OBJC_IMPLEMENTATIONS = YES;
				CLANG_WARN_DIRECT_OBJC_ISA_USAGE = YES_ERROR;
				CLANG_WARN_DOCUMENTATION_COMMENTS = YES;
				CLANG_WARN_EMPTY_BODY = YES;
				CLANG_WARN_ENUM_CONVERSION = YES;
				CLANG_WARN_INFINITE_RECURSION = YES;
				CLANG_WARN_INT_CONVERSION = YES;
				CLANG_WARN_NON_LITERAL_NULL_CONVERSION = YES;
				CLANG_WARN_OBJC_IMPLICIT_RETAIN_SELF = YES;
				CLANG_WARN_OBJC_LITERAL_CONVERSION = YES;
				CLANG_WARN_OBJC_ROOT_CLASS = YES_ERROR;
				CLANG_WARN_RANGE_LOOP_ANALYSIS = YES;
				CLANG_WARN_STRICT_PROTOTYPES = YES;
				CLANG_WARN_SUSPICIOUS_MOVE = YES;
				CLANG_WARN_UNGUARDED_AVAILABILITY = YES_AGGRESSIVE;
				CLANG_WARN_UNREACHABLE_CODE = YES;
				CLANG_WARN__DUPLICATE_METHOD_MATCH = YES;
				CODE_SIGN_IDENTITY = "iPhone Developer";
				COPY_PHASE_STRIP = NO;
				DEBUG_INFORMATION_FORMAT = "dwarf-with-dsym";
				ENABLE_NS_ASSERTIONS = NO;
				ENABLE_STRICT_OBJC_MSGSEND = YES;
				GCC_C_LANGUAGE_STANDARD = gnu11;
				GCC_NO_COMMON_BLOCKS = YES;
				GCC_WARN_64_TO_32_BIT_CONVERSION = YES;
				GCC_WARN_ABOUT_RETURN_TYPE = YES_ERROR;
				GCC_WARN_UNDECLARED_SELECTOR = YES;
				GCC_WARN_UNINITIALIZED_AUTOS = YES_AGGRESSIVE;
				GCC_WARN_UNUSED_FUNCTION = YES;
				GCC_WARN_UNUSED_VARIABLE = YES;
				IPHONEOS_DEPLOYMENT_TARGET = 12.4;
				MTL_ENABLE_DEBUG_INFO = NO;
				MTL_FAST_MATH = YES;
				SDKROOT = iphoneos;
				SWIFT_COMPILATION_MODE = wholemodule;
				SWIFT_OPTIMIZATION_LEVEL = "-O";
				VALIDATE_PRODUCT = YES;
			};
			name = Release;
		};
		3D50F91D22F7DA4F00A76FAD /* Debug */ = {
			isa = XCBuildConfiguration;
			buildSettings = {
				ASSETCATALOG_COMPILER_APPICON_NAME = AppIcon;
				CODE_SIGN_STYLE = Automatic;
				DEVELOPMENT_TEAM = W9QV9753NK;
				INFOPLIST_FILE = HeatmapSample/Info.plist;
				LD_RUNPATH_SEARCH_PATHS = (
					"$(inherited)",
					"@executable_path/Frameworks",
				);
				PRODUCT_BUNDLE_IDENTIFIER = net.rirex.HeatmapSample;
				PRODUCT_NAME = "$(TARGET_NAME)";
				SWIFT_VERSION = 5.0;
				TARGETED_DEVICE_FAMILY = "1,2";
			};
			name = Debug;
		};
		3D50F91E22F7DA4F00A76FAD /* Release */ = {
			isa = XCBuildConfiguration;
			buildSettings = {
				ASSETCATALOG_COMPILER_APPICON_NAME = AppIcon;
				CODE_SIGN_STYLE = Automatic;
				DEVELOPMENT_TEAM = W9QV9753NK;
				INFOPLIST_FILE = HeatmapSample/Info.plist;
				LD_RUNPATH_SEARCH_PATHS = (
					"$(inherited)",
					"@executable_path/Frameworks",
				);
				PRODUCT_BUNDLE_IDENTIFIER = net.rirex.HeatmapSample;
				PRODUCT_NAME = "$(TARGET_NAME)";
				SWIFT_VERSION = 5.0;
				TARGETED_DEVICE_FAMILY = "1,2";
			};
			name = Release;
		};
/* End XCBuildConfiguration section */

/* Begin XCConfigurationList section */
		3D50F90522F7DA4D00A76FAD /* Build configuration list for PBXProject "HeatmapSample" */ = {
			isa = XCConfigurationList;
			buildConfigurations = (
				3D50F91A22F7DA4F00A76FAD /* Debug */,
				3D50F91B22F7DA4F00A76FAD /* Release */,
			);
			defaultConfigurationIsVisible = 0;
			defaultConfigurationName = Release;
		};
		3D50F91C22F7DA4F00A76FAD /* Build configuration list for PBXNativeTarget "HeatmapSample" */ = {
			isa = XCConfigurationList;
			buildConfigurations = (
				3D50F91D22F7DA4F00A76FAD /* Debug */,
				3D50F91E22F7DA4F00A76FAD /* Release */,
			);
			defaultConfigurationIsVisible = 0;
			defaultConfigurationName = Release;
		};
/* End XCConfigurationList section */
	};
	rootObject = 3D50F90222F7DA4D00A76FAD /* Project object */;
}
